
Microsoft Visual Studio Solution File, Format Version 12.00
# Visual Studio Version 17
VisualStudioVersion = 17.9.34616.47
MinimumVisualStudioVersion = 10.0.40219.1
Project("{FAE04EC0-301F-11D3-BF4B-00C04F79EFBC}") = "Test", "Test\Test.csproj", "{A95C6550-DBD0-4B8D-8935-E534E0A91A69}"
EndProject
Global
	GlobalSection(SolutionConfigurationPlatforms) = preSolution
		Debug|Any CPU = Debug|Any CPU
		Release|Any CPU = Release|Any CPU
	EndGlobalSection
	GlobalSection(ProjectConfigurationPlatforms) = postSolution
		{A95C6550-DBD0-4B8D-8935-E534E0A91A69}.Debug|Any CPU.ActiveCfg = Debug|Any CPU
		{A95C6550-DBD0-4B8D-8935-E534E0A91A69}.Debug|Any CPU.Build.0 = Debug|Any CPU
		{A95C6550-DBD0-4B8D-8935-E534E0A91A69}.Release|Any CPU.ActiveCfg = Release|Any CPU
		{A95C6550-DBD0-4B8D-8935-E534E0A91A69}.Release|Any CPU.Build.0 = Release|Any CPU
	EndGlobalSection
	GlobalSection(SolutionProperties) = preSolution
		HideSolutionNode = FALSE
	EndGlobalSection
	GlobalSection(ExtensibilityGlobals) = postSolution
		SolutionGuid = {3117E7DE-156F-48E8-9708-73BD50BB04BF}
	EndGlobalSection
EndGlobal
